fortio.org/log v1.12.0 h1:5Yg4pL9Pp0jcWeJYixm2xikMCldVaSDMgDFDmQJZfho=
fortio.org/log v1.12.0/go.mod h1:1tMBG/Elr6YqjmJCWiejJp2FPvXg7/9UAN0Rfpkyt1o=
fortio.org/struct2env v0.4.0 h1:k5alSOTf3YHiB3MuacjDHQ3YhVWvNZ95ZP/a6MqvyLo=
fortio.org/struct2env v0.4.0/go.mod h1:lENUe70UwA1zDUCX+8AsO663QCFqYaprk5lnPhjD410=
github.com/go-sql-driver/mysql v1.7.1 h1:lUIinVbN1DY0xBg0eMOzmmtGoHwWBbvnWubQUrtU8EI=
github.com/go-sql-driver/mysql v1.7.1/go.mod h1:OXbVy3sEdcQ2Doequ6Z5BW6fXNQTmx+9S1MCJN5yJMI=
